
Microsoft Visual Studio Solution File, Format Version 12.00
# Visual Studio Version 17
VisualStudioVersion = 17.5.33502.453
MinimumVisualStudioVersion = 10.0.40219.1
Project("{2150E333-8FDC-42A3-9474-1A3956D46DE8}") = "01_Delegates", "01_Delegates", "{D83BCE0D-EA3C-4888-810D-6C360D28AF9B}"
EndProject
Project("{2150E333-8FDC-42A3-9474-1A3956D46DE8}") = "02_Events", "02_Events", "{D7B25697-0B38-4BB3-A2F8-DB8EC1F30BF2}"
EndProject
Project("{FAE04EC0-301F-11D3-BF4B-00C04F79EFBC}") = "002_Delegates", "002_Delegates\002_Delegates.csproj", "{90D60EC9-7A8B-4CEC-B472-285858B111B2}"
EndProject
Project("{FAE04EC0-301F-11D3-BF4B-00C04F79EFBC}") = "003_Delegates", "003_Delegates\003_Delegates.csproj", "{5DEE5372-5134-4293-8233-925F3FE4C013}"
EndProject
Project("{FAE04EC0-301F-11D3-BF4B-00C04F79EFBC}") = "004_Delegates", "004_Delegates\004_Delegates.csproj", "{5176C329-48C3-4881-90C8-A7FF4215AAB1}"
EndProject
Project("{FAE04EC0-301F-11D3-BF4B-00C04F79EFBC}") = "005_Delegates", "005_Delegates\005_Delegates.csproj", "{0D95A5A5-75E8-4CBB-899B-4DB3AEFB9788}"
EndProject
Project("{FAE04EC0-301F-11D3-BF4B-00C04F79EFBC}") = "006_Delegates", "006_Delegates\006_Delegates.csproj", "{610923AC-6707-4D85-9DC6-D61AF4D512D7}"
EndProject
Project("{FAE04EC0-301F-11D3-BF4B-00C04F79EFBC}") = "007_Delegates", "007_Delegates\007_Delegates.csproj", "{1202EF9E-D960-4685-93BF-6338FD2DF5BC}"
EndProject
Project("{FAE04EC0-301F-11D3-BF4B-00C04F79EFBC}") = "008_Delegates", "008_Delegates\008_Delegates.csproj", "{2C35FDFC-33C0-42F0-B6F6-543160998664}"
EndProject
Project("{FAE04EC0-301F-11D3-BF4B-00C04F79EFBC}") = "009_Delegates", "009_Delegates\009_Delegates.csproj", "{C278E401-F29D-494D-83CF-7A9EF82C7DE4}"
EndProject
Project("{FAE04EC0-301F-11D3-BF4B-00C04F79EFBC}") = "010_Delegates", "010_Delegates\010_Delegates.csproj", "{E539B593-9D8E-4EA0-BA1D-9EC373213EF7}"
EndProject
Project("{FAE04EC0-301F-11D3-BF4B-00C04F79EFBC}") = "011_Delegates", "011_Delegates\011_Delegates.csproj", "{58D40BF1-944D-404A-82C8-74811D4D6008}"
EndProject
Project("{FAE04EC0-301F-11D3-BF4B-00C04F79EFBC}") = "012_Delegates", "012_Delegates\012_Delegates.csproj", "{ECCE4AE9-6FBD-465F-A0F9-B363CCD13AA1}"
EndProject
Project("{FAE04EC0-301F-11D3-BF4B-00C04F79EFBC}") = "013_Delegates", "013_Delegates\013_Delegates.csproj", "{96041A52-213D-4A9F-9C75-02EB195E9B69}"
EndProject
Project("{FAE04EC0-301F-11D3-BF4B-00C04F79EFBC}") = "014_Delegates", "014_Delegates\014_Delegates.csproj", "{E8E48937-C196-4A34-9151-08F45002DE41}"
EndProject
Project("{FAE04EC0-301F-11D3-BF4B-00C04F79EFBC}") = "015_Delegates", "015_Delegates\015_Delegates.csproj", "{0B7CCF5E-5315-4B25-ABC5-00B1628A47F5}"
EndProject
Project("{FAE04EC0-301F-11D3-BF4B-00C04F79EFBC}") = "016_Events", "016_Events\016_Events.csproj", "{C1728E4C-C3AA-4796-8BBF-0E98578980FF}"
EndProject
Project("{FAE04EC0-301F-11D3-BF4B-00C04F79EFBC}") = "001_Delegates", "001_Delegates\001_Delegates.csproj", "{0C197BE0-F2BA-480F-B671-3C6001934506}"
EndProject
Global
	GlobalSection(SolutionConfigurationPlatforms) = preSolution
		Debug|Any CPU = Debug|Any CPU
		Release|Any CPU = Release|Any CPU
	EndGlobalSection
	GlobalSection(ProjectConfigurationPlatforms) = postSolution
		{90D60EC9-7A8B-4CEC-B472-285858B111B2}.Debug|Any CPU.ActiveCfg = Debug|Any CPU
		{90D60EC9-7A8B-4CEC-B472-285858B111B2}.Debug|Any CPU.Build.0 = Debug|Any CPU
		{90D60EC9-7A8B-4CEC-B472-285858B111B2}.Release|Any CPU.ActiveCfg = Release|Any CPU
		{90D60EC9-7A8B-4CEC-B472-285858B111B2}.Release|Any CPU.Build.0 = Release|Any CPU
		{5DEE5372-5134-4293-8233-925F3FE4C013}.Debug|Any CPU.ActiveCfg = Debug|Any CPU
		{5DEE5372-5134-4293-8233-925F3FE4C013}.Debug|Any CPU.Build.0 = Debug|Any CPU
		{5DEE5372-5134-4293-8233-925F3FE4C013}.Release|Any CPU.ActiveCfg = Release|Any CPU
		{5DEE5372-5134-4293-8233-925F3FE4C013}.Release|Any CPU.Build.0 = Release|Any CPU
		{5176C329-48C3-4881-90C8-A7FF4215AAB1}.Debug|Any CPU.ActiveCfg = Debug|Any CPU
		{5176C329-48C3-4881-90C8-A7FF4215AAB1}.Debug|Any CPU.Build.0 = Debug|Any CPU
		{5176C329-48C3-4881-90C8-A7FF4215AAB1}.Release|Any CPU.ActiveCfg = Release|Any CPU
		{5176C329-48C3-4881-90C8-A7FF4215AAB1}.Release|Any CPU.Build.0 = Release|Any CPU
		{0D95A5A5-75E8-4CBB-899B-4DB3AEFB9788}.Debug|Any CPU.ActiveCfg = Debug|Any CPU
		{0D95A5A5-75E8-4CBB-899B-4DB3AEFB9788}.Debug|Any CPU.Build.0 = Debug|Any CPU
		{0D95A5A5-75E8-4CBB-899B-4DB3AEFB9788}.Release|Any CPU.ActiveCfg = Release|Any CPU
		{0D95A5A5-75E8-4CBB-899B-4DB3AEFB9788}.Release|Any CPU.Build.0 = Release|Any CPU
		{610923AC-6707-4D85-9DC6-D61AF4D512D7}.Debug|Any CPU.ActiveCfg = Debug|Any CPU
		{610923AC-6707-4D85-9DC6-D61AF4D512D7}.Debug|Any CPU.Build.0 = Debug|Any CPU
		{610923AC-6707-4D85-9DC6-D61AF4D512D7}.Release|Any CPU.ActiveCfg = Release|Any CPU
		{610923AC-6707-4D85-9DC6-D61AF4D512D7}.Release|Any CPU.Build.0 = Release|Any CPU
		{1202EF9E-D960-4685-93BF-6338FD2DF5BC}.Debug|Any CPU.ActiveCfg = Debug|Any CPU
		{1202EF9E-D960-4685-93BF-6338FD2DF5BC}.Debug|Any CPU.Build.0 = Debug|Any CPU
		{1202EF9E-D960-4685-93BF-6338FD2DF5BC}.Release|Any CPU.ActiveCfg = Release|Any CPU
		{1202EF9E-D960-4685-93BF-6338FD2DF5BC}.Release|Any CPU.Build.0 = Release|Any CPU
		{2C35FDFC-33C0-42F0-B6F6-543160998664}.Debug|Any CPU.ActiveCfg = Debug|Any CPU
		{2C35FDFC-33C0-42F0-B6F6-543160998664}.Debug|Any CPU.Build.0 = Debug|Any CPU
		{2C35FDFC-33C0-42F0-B6F6-543160998664}.Release|Any CPU.ActiveCfg = Release|Any CPU
		{2C35FDFC-33C0-42F0-B6F6-543160998664}.Release|Any CPU.Build.0 = Release|Any CPU
		{C278E401-F29D-494D-83CF-7A9EF82C7DE4}.Debug|Any CPU.ActiveCfg = Debug|Any CPU
		{C278E401-F29D-494D-83CF-7A9EF82C7DE4}.Debug|Any CPU.Build.0 = Debug|Any CPU
		{C278E401-F29D-494D-83CF-7A9EF82C7DE4}.Release|Any CPU.ActiveCfg = Release|Any CPU
		{C278E401-F29D-494D-83CF-7A9EF82C7DE4}.Release|Any CPU.Build.0 = Release|Any CPU
		{E539B593-9D8E-4EA0-BA1D-9EC373213EF7}.Debug|Any CPU.ActiveCfg = Debug|Any CPU
		{E539B593-9D8E-4EA0-BA1D-9EC373213EF7}.Debug|Any CPU.Build.0 = Debug|Any CPU
		{E539B593-9D8E-4EA0-BA1D-9EC373213EF7}.Release|Any CPU.ActiveCfg = Release|Any CPU
		{E539B593-9D8E-4EA0-BA1D-9EC373213EF7}.Release|Any CPU.Build.0 = Release|Any CPU
		{58D40BF1-944D-404A-82C8-74811D4D6008}.Debug|Any CPU.ActiveCfg = Debug|Any CPU
		{58D40BF1-944D-404A-82C8-74811D4D6008}.Debug|Any CPU.Build.0 = Debug|Any CPU
		{58D40BF1-944D-404A-82C8-74811D4D6008}.Release|Any CPU.ActiveCfg = Release|Any CPU
		{58D40BF1-944D-404A-82C8-74811D4D6008}.Release|Any CPU.Build.0 = Release|Any CPU
		{ECCE4AE9-6FBD-465F-A0F9-B363CCD13AA1}.Debug|Any CPU.ActiveCfg = Debug|Any CPU
		{ECCE4AE9-6FBD-465F-A0F9-B363CCD13AA1}.Debug|Any CPU.Build.0 = Debug|Any CPU
		{ECCE4AE9-6FBD-465F-A0F9-B363CCD13AA1}.Release|Any CPU.ActiveCfg = Release|Any CPU
		{ECCE4AE9-6FBD-465F-A0F9-B363CCD13AA1}.Release|Any CPU.Build.0 = Release|Any CPU
		{96041A52-213D-4A9F-9C75-02EB195E9B69}.Debug|Any CPU.ActiveCfg = Debug|Any CPU
		{96041A52-213D-4A9F-9C75-02EB195E9B69}.Debug|Any CPU.Build.0 = Debug|Any CPU
		{96041A52-213D-4A9F-9C75-02EB195E9B69}.Release|Any CPU.ActiveCfg = Release|Any CPU
		{96041A52-213D-4A9F-9C75-02EB195E9B69}.Release|Any CPU.Build.0 = Release|Any CPU
		{E8E48937-C196-4A34-9151-08F45002DE41}.Debug|Any CPU.ActiveCfg = Debug|Any CPU
		{E8E48937-C196-4A34-9151-08F45002DE41}.Debug|Any CPU.Build.0 = Debug|Any CPU
		{E8E48937-C196-4A34-9151-08F45002DE41}.Release|Any CPU.ActiveCfg = Release|Any CPU
		{E8E48937-C196-4A34-9151-08F45002DE41}.Release|Any CPU.Build.0 = Release|Any CPU
		{0B7CCF5E-5315-4B25-ABC5-00B1628A47F5}.Debug|Any CPU.ActiveCfg = Debug|Any CPU
		{0B7CCF5E-5315-4B25-ABC5-00B1628A47F5}.Debug|Any CPU.Build.0 = Debug|Any CPU
		{0B7CCF5E-5315-4B25-ABC5-00B1628A47F5}.Release|Any CPU.ActiveCfg = Release|Any CPU
		{0B7CCF5E-5315-4B25-ABC5-00B1628A47F5}.Release|Any CPU.Build.0 = Release|Any CPU
		{C1728E4C-C3AA-4796-8BBF-0E98578980FF}.Debug|Any CPU.ActiveCfg = Debug|Any CPU
		{C1728E4C-C3AA-4796-8BBF-0E98578980FF}.Debug|Any CPU.Build.0 = Debug|Any CPU
		{C1728E4C-C3AA-4796-8BBF-0E98578980FF}.Release|Any CPU.ActiveCfg = Release|Any CPU
		{C1728E4C-C3AA-4796-8BBF-0E98578980FF}.Release|Any CPU.Build.0 = Release|Any CPU
		{0C197BE0-F2BA-480F-B671-3C6001934506}.Debug|Any CPU.ActiveCfg = Debug|Any CPU
		{0C197BE0-F2BA-480F-B671-3C6001934506}.Debug|Any CPU.Build.0 = Debug|Any CPU
		{0C197BE0-F2BA-480F-B671-3C6001934506}.Release|Any CPU.ActiveCfg = Release|Any CPU
		{0C197BE0-F2BA-480F-B671-3C6001934506}.Release|Any CPU.Build.0 = Release|Any CPU
	EndGlobalSection
	GlobalSection(SolutionProperties) = preSolution
		HideSolutionNode = FALSE
	EndGlobalSection
	GlobalSection(NestedProjects) = preSolution
		{90D60EC9-7A8B-4CEC-B472-285858B111B2} = {D83BCE0D-EA3C-4888-810D-6C360D28AF9B}
		{5DEE5372-5134-4293-8233-925F3FE4C013} = {D83BCE0D-EA3C-4888-810D-6C360D28AF9B}
		{5176C329-48C3-4881-90C8-A7FF4215AAB1} = {D83BCE0D-EA3C-4888-810D-6C360D28AF9B}
		{0D95A5A5-75E8-4CBB-899B-4DB3AEFB9788} = {D83BCE0D-EA3C-4888-810D-6C360D28AF9B}
		{610923AC-6707-4D85-9DC6-D61AF4D512D7} = {D83BCE0D-EA3C-4888-810D-6C360D28AF9B}
		{1202EF9E-D960-4685-93BF-6338FD2DF5BC} = {D83BCE0D-EA3C-4888-810D-6C360D28AF9B}
		{2C35FDFC-33C0-42F0-B6F6-543160998664} = {D83BCE0D-EA3C-4888-810D-6C360D28AF9B}
		{C278E401-F29D-494D-83CF-7A9EF82C7DE4} = {D83BCE0D-EA3C-4888-810D-6C360D28AF9B}
		{E539B593-9D8E-4EA0-BA1D-9EC373213EF7} = {D83BCE0D-EA3C-4888-810D-6C360D28AF9B}
		{58D40BF1-944D-404A-82C8-74811D4D6008} = {D83BCE0D-EA3C-4888-810D-6C360D28AF9B}
		{ECCE4AE9-6FBD-465F-A0F9-B363CCD13AA1} = {D83BCE0D-EA3C-4888-810D-6C360D28AF9B}
		{96041A52-213D-4A9F-9C75-02EB195E9B69} = {D83BCE0D-EA3C-4888-810D-6C360D28AF9B}
		{E8E48937-C196-4A34-9151-08F45002DE41} = {D83BCE0D-EA3C-4888-810D-6C360D28AF9B}
		{0B7CCF5E-5315-4B25-ABC5-00B1628A47F5} = {D83BCE0D-EA3C-4888-810D-6C360D28AF9B}
		{C1728E4C-C3AA-4796-8BBF-0E98578980FF} = {D7B25697-0B38-4BB3-A2F8-DB8EC1F30BF2}
		{0C197BE0-F2BA-480F-B671-3C6001934506} = {D83BCE0D-EA3C-4888-810D-6C360D28AF9B}
	EndGlobalSection
	GlobalSection(ExtensibilityGlobals) = postSolution
		SolutionGuid = {14102FB8-4CC3-46D7-9593-75093E78D075}
	EndGlobalSection
EndGlobal
